
Microsoft Visual Studio Solution File, Format Version 12.00
# Visual Studio Version 16
VisualStudioVersion = 16.0.30320.27
MinimumVisualStudioVersion = 10.0.40219.1
Project("{FAE04EC0-301F-11D3-BF4B-00C04F79EFBC}") = "Redactor", "Redactor\Redactor.csproj", "{1A879077-1B84-4319-92F1-CDAB6FD39D5A}"
EndProject
Global
	GlobalSection(SolutionConfigurationPlatforms) = preSolution
		Debug|Any CPU = Debug|Any CPU
		Release|Any CPU = Release|Any CPU
	EndGlobalSection
	GlobalSection(ProjectConfigurationPlatforms) = postSolution
		{1A879077-1B84-4319-92F1-CDAB6FD39D5A}.Debug|Any CPU.ActiveCfg = Debug|Any CPU
		{1A879077-1B84-4319-92F1-CDAB6FD39D5A}.Debug|Any CPU.Build.0 = Debug|Any CPU
		{1A879077-1B84-4319-92F1-CDAB6FD39D5A}.Release|Any CPU.ActiveCfg = Release|Any CPU
		{1A879077-1B84-4319-92F1-CDAB6FD39D5A}.Release|Any CPU.Build.0 = Release|Any CPU
	EndGlobalSection
	GlobalSection(SolutionProperties) = preSolution
		HideSolutionNode = FALSE
	EndGlobalSection
	GlobalSection(ExtensibilityGlobals) = postSolution
		SolutionGuid = {379114A8-F482-470E-A2EA-AA8F2D678884}
	EndGlobalSection
EndGlobal
